
Microsoft Visual Studio Solution File, Format Version 12.00
# Visual Studio Version 17
VisualStudioVersion = 17.1.32421.90
MinimumVisualStudioVersion = 10.0.40219.1
Project("{FAE04EC0-301F-11D3-BF4B-00C04F79EFBC}") = "MyBlindTouch", "MyBlindTouch\MyBlindTouch.csproj", "{8B22EABF-8C01-4DBE-BF7B-7BA4ECB9E175}"
EndProject
Global
	GlobalSection(SolutionConfigurationPlatforms) = preSolution
		Debug|Any CPU = Debug|Any CPU
		Release|Any CPU = Release|Any CPU
	EndGlobalSection
	GlobalSection(ProjectConfigurationPlatforms) = postSolution
		{8B22EABF-8C01-4DBE-BF7B-7BA4ECB9E175}.Debug|Any CPU.ActiveCfg = Debug|Any CPU
		{8B22EABF-8C01-4DBE-BF7B-7BA4ECB9E175}.Debug|Any CPU.Build.0 = Debug|Any CPU
		{8B22EABF-8C01-4DBE-BF7B-7BA4ECB9E175}.Release|Any CPU.ActiveCfg = Release|Any CPU
		{8B22EABF-8C01-4DBE-BF7B-7BA4ECB9E175}.Release|Any CPU.Build.0 = Release|Any CPU
	EndGlobalSection
	GlobalSection(SolutionProperties) = preSolution
		HideSolutionNode = FALSE
	EndGlobalSection
	GlobalSection(ExtensibilityGlobals) = postSolution
		SolutionGuid = {03C13A47-E1FF-4B21-A49B-59113198C61F}
	EndGlobalSection
EndGlobal
