
Microsoft Visual Studio Solution File, Format Version 12.00
# Visual Studio Version 17
VisualStudioVersion = 17.1.32421.90
MinimumVisualStudioVersion = 10.0.40219.1
Project("{FAE04EC0-301F-11D3-BF4B-00C04F79EFBC}") = "MyBlindTouch", "MyBlindTouch\MyBlindTouch.csproj", "{B628D4E2-9E4D-4F37-A4A6-F855638BC621}"
EndProject
Global
	GlobalSection(SolutionConfigurationPlatforms) = preSolution
		Debug|Any CPU = Debug|Any CPU
		Release|Any CPU = Release|Any CPU
	EndGlobalSection
	GlobalSection(ProjectConfigurationPlatforms) = postSolution
		{B628D4E2-9E4D-4F37-A4A6-F855638BC621}.Debug|Any CPU.ActiveCfg = Debug|Any CPU
		{B628D4E2-9E4D-4F37-A4A6-F855638BC621}.Debug|Any CPU.Build.0 = Debug|Any CPU
		{B628D4E2-9E4D-4F37-A4A6-F855638BC621}.Release|Any CPU.ActiveCfg = Release|Any CPU
		{B628D4E2-9E4D-4F37-A4A6-F855638BC621}.Release|Any CPU.Build.0 = Release|Any CPU
	EndGlobalSection
	GlobalSection(SolutionProperties) = preSolution
		HideSolutionNode = FALSE
	EndGlobalSection
	GlobalSection(ExtensibilityGlobals) = postSolution
		SolutionGuid = {49E0E0AE-112D-4CA8-9E83-DDA1C03E70CD}
	EndGlobalSection
EndGlobal
